// !$*UTF8*$!
{
	archiveVersion = 1;
	classes = {
	};
	objectVersion = 56;
	objects = {

/* Begin PBXBuildFile section */
		210D67D22AD055C400A3889E /* Product.swift in Sources */ = {isa = PBXBuildFile; fileRef = 210D67D12AD055C300A3889E /* Product.swift */; };
		210D67D52AD0563700A3889E /* HomeView.swift in Sources */ = {isa = PBXBuildFile; fileRef = 210D67D42AD0563700A3889E /* HomeView.swift */; };
		210D67D72AD0566A00A3889E /* HomeInteractor.swift in Sources */ = {isa = PBXBuildFile; fileRef = 210D67D62AD0566A00A3889E /* HomeInteractor.swift */; };
		210D67D92AD0567500A3889E /* HomePresenter.swift in Sources */ = {isa = PBXBuildFile; fileRef = 210D67D82AD0567500A3889E /* HomePresenter.swift */; };
		210D67DB2AD0568200A3889E /* HomeDataStore.swift in Sources */ = {isa = PBXBuildFile; fileRef = 210D67DA2AD0568200A3889E /* HomeDataStore.swift */; };
		210D67DD2AD0571C00A3889E /* HomeModels.swift in Sources */ = {isa = PBXBuildFile; fileRef = 210D67DC2AD0571C00A3889E /* HomeModels.swift */; };
		210D67E12AD05A5400A3889E /* HomeProductCell.swift in Sources */ = {isa = PBXBuildFile; fileRef = 210D67E02AD05A5400A3889E /* HomeProductCell.swift */; };
		210D67E42AD0627E00A3889E /* CustomText.swift in Sources */ = {isa = PBXBuildFile; fileRef = 210D67E32AD0627E00A3889E /* CustomText.swift */; };
		210D67E62AD07E0800A3889E /* NetworkManager.swift in Sources */ = {isa = PBXBuildFile; fileRef = 210D67E52AD07E0800A3889E /* NetworkManager.swift */; };
		210D67E92AD07E7700A3889E /* EndpointType.swift in Sources */ = {isa = PBXBuildFile; fileRef = 210D67E82AD07E7700A3889E /* EndpointType.swift */; };
		210D67EB2AD07F0900A3889E /* HTTPMethod.swift in Sources */ = {isa = PBXBuildFile; fileRef = 210D67EA2AD07F0900A3889E /* HTTPMethod.swift */; };
		210D67EE2AD0815100A3889E /* ProductsEndpoint.swift in Sources */ = {isa = PBXBuildFile; fileRef = 210D67ED2AD0815100A3889E /* ProductsEndpoint.swift */; };
		210D67F02AD0817700A3889E /* CartsEndpoint.swift in Sources */ = {isa = PBXBuildFile; fileRef = 210D67EF2AD0817700A3889E /* CartsEndpoint.swift */; };
		210D67F42AD0819D00A3889E /* LoginEndpoint.swift in Sources */ = {isa = PBXBuildFile; fileRef = 210D67F32AD0819D00A3889E /* LoginEndpoint.swift */; };
		21EDBA5A2AD04A0900903BA5 /* FakeStoreApp.swift in Sources */ = {isa = PBXBuildFile; fileRef = 21EDBA592AD04A0900903BA5 /* FakeStoreApp.swift */; };
		21EDBA5C2AD04A0900903BA5 /* ContentView.swift in Sources */ = {isa = PBXBuildFile; fileRef = 21EDBA5B2AD04A0900903BA5 /* ContentView.swift */; };
		21EDBA5E2AD04A0A00903BA5 /* Assets.xcassets in Resources */ = {isa = PBXBuildFile; fileRef = 21EDBA5D2AD04A0A00903BA5 /* Assets.xcassets */; };
		21EDBA612AD04A0A00903BA5 /* Preview Assets.xcassets in Resources */ = {isa = PBXBuildFile; fileRef = 21EDBA602AD04A0A00903BA5 /* Preview Assets.xcassets */; };
/* End PBXBuildFile section */

/* Begin PBXFileReference section */
		210D67D12AD055C300A3889E /* Product.swift */ = {isa = PBXFileReference; lastKnownFileType = sourcecode.swift; path = Product.swift; sourceTree = "<group>"; };
		210D67D42AD0563700A3889E /* HomeView.swift */ = {isa = PBXFileReference; lastKnownFileType = sourcecode.swift; path = HomeView.swift; sourceTree = "<group>"; };
		210D67D62AD0566A00A3889E /* HomeInteractor.swift */ = {isa = PBXFileReference; lastKnownFileType = sourcecode.swift; path = HomeInteractor.swift; sourceTree = "<group>"; };
		210D67D82AD0567500A3889E /* HomePresenter.swift */ = {isa = PBXFileReference; lastKnownFileType = sourcecode.swift; path = HomePresenter.swift; sourceTree = "<group>"; };
		210D67DA2AD0568200A3889E /* HomeDataStore.swift */ = {isa = PBXFileReference; lastKnownFileType = sourcecode.swift; path = HomeDataStore.swift; sourceTree = "<group>"; };
		210D67DC2AD0571C00A3889E /* HomeModels.swift */ = {isa = PBXFileReference; lastKnownFileType = sourcecode.swift; path = HomeModels.swift; sourceTree = "<group>"; };
		210D67E02AD05A5400A3889E /* HomeProductCell.swift */ = {isa = PBXFileReference; lastKnownFileType = sourcecode.swift; path = HomeProductCell.swift; sourceTree = "<group>"; };
		210D67E32AD0627E00A3889E /* CustomText.swift */ = {isa = PBXFileReference; lastKnownFileType = sourcecode.swift; path = CustomText.swift; sourceTree = "<group>"; };
		210D67E52AD07E0800A3889E /* NetworkManager.swift */ = {isa = PBXFileReference; lastKnownFileType = sourcecode.swift; path = NetworkManager.swift; sourceTree = "<group>"; };
		210D67E82AD07E7700A3889E /* EndpointType.swift */ = {isa = PBXFileReference; lastKnownFileType = sourcecode.swift; path = EndpointType.swift; sourceTree = "<group>"; };
		210D67EA2AD07F0900A3889E /* HTTPMethod.swift */ = {isa = PBXFileReference; lastKnownFileType = sourcecode.swift; path = HTTPMethod.swift; sourceTree = "<group>"; };
		210D67ED2AD0815100A3889E /* ProductsEndpoint.swift */ = {isa = PBXFileReference; lastKnownFileType = sourcecode.swift; path = ProductsEndpoint.swift; sourceTree = "<group>"; };
		210D67EF2AD0817700A3889E /* CartsEndpoint.swift */ = {isa = PBXFileReference; lastKnownFileType = sourcecode.swift; path = CartsEndpoint.swift; sourceTree = "<group>"; };
		210D67F32AD0819D00A3889E /* LoginEndpoint.swift */ = {isa = PBXFileReference; lastKnownFileType = sourcecode.swift; path = LoginEndpoint.swift; sourceTree = "<group>"; };
		21EDBA562AD04A0900903BA5 /* FakeStore.app */ = {isa = PBXFileReference; explicitFileType = wrapper.application; includeInIndex = 0; path = FakeStore.app; sourceTree = BUILT_PRODUCTS_DIR; };
		21EDBA592AD04A0900903BA5 /* FakeStoreApp.swift */ = {isa = PBXFileReference; lastKnownFileType = sourcecode.swift; path = FakeStoreApp.swift; sourceTree = "<group>"; };
		21EDBA5B2AD04A0900903BA5 /* ContentView.swift */ = {isa = PBXFileReference; lastKnownFileType = sourcecode.swift; path = ContentView.swift; sourceTree = "<group>"; };
		21EDBA5D2AD04A0A00903BA5 /* Assets.xcassets */ = {isa = PBXFileReference; lastKnownFileType = folder.assetcatalog; path = Assets.xcassets; sourceTree = "<group>"; };
		21EDBA602AD04A0A00903BA5 /* Preview Assets.xcassets */ = {isa = PBXFileReference; lastKnownFileType = folder.assetcatalog; path = "Preview Assets.xcassets"; sourceTree = "<group>"; };
/* End PBXFileReference section */

/* Begin PBXFrameworksBuildPhase section */
		21EDBA532AD04A0900903BA5 /* Frameworks */ = {
			isa = PBXFrameworksBuildPhase;
			buildActionMask = 2147483647;
			files = (
			);
			runOnlyForDeploymentPostprocessing = 0;
		};
/* End PBXFrameworksBuildPhase section */

/* Begin PBXGroup section */
		210D67D02AD0545900A3889E /* App */ = {
			isa = PBXGroup;
			children = (
				21EDBA592AD04A0900903BA5 /* FakeStoreApp.swift */,
				21EDBA5B2AD04A0900903BA5 /* ContentView.swift */,
				21EDBA5D2AD04A0A00903BA5 /* Assets.xcassets */,
				21EDBA5F2AD04A0A00903BA5 /* Preview Content */,
			);
			path = App;
			sourceTree = "<group>";
		};
		210D67D32AD0562300A3889E /* Home */ = {
			isa = PBXGroup;
			children = (
				210D67D42AD0563700A3889E /* HomeView.swift */,
				210D67D62AD0566A00A3889E /* HomeInteractor.swift */,
				210D67D82AD0567500A3889E /* HomePresenter.swift */,
				210D67DA2AD0568200A3889E /* HomeDataStore.swift */,
				210D67DC2AD0571C00A3889E /* HomeModels.swift */,
				210D67E02AD05A5400A3889E /* HomeProductCell.swift */,
			);
			path = Home;
			sourceTree = "<group>";
		};
		210D67E22AD0626800A3889E /* Common */ = {
			isa = PBXGroup;
			children = (
				210D67E32AD0627E00A3889E /* CustomText.swift */,
			);
			path = Common;
			sourceTree = "<group>";
		};
		210D67E72AD07E5F00A3889E /* Networking */ = {
			isa = PBXGroup;
			children = (
				210D67EC2AD0813B00A3889E /* Endpoints */,
				210D67E52AD07E0800A3889E /* NetworkManager.swift */,
				210D67EA2AD07F0900A3889E /* HTTPMethod.swift */,
			);
			path = Networking;
			sourceTree = "<group>";
		};
		210D67EC2AD0813B00A3889E /* Endpoints */ = {
			isa = PBXGroup;
			children = (
				210D67E82AD07E7700A3889E /* EndpointType.swift */,
				210D67ED2AD0815100A3889E /* ProductsEndpoint.swift */,
				210D67EF2AD0817700A3889E /* CartsEndpoint.swift */,
				210D67F32AD0819D00A3889E /* LoginEndpoint.swift */,
			);
			path = Endpoints;
			sourceTree = "<group>";
		};
		21EDBA4D2AD04A0900903BA5 = {
			isa = PBXGroup;
			children = (
				21EDBA582AD04A0900903BA5 /* FakeStore */,
				21EDBA572AD04A0900903BA5 /* Products */,
			);
			sourceTree = "<group>";
		};
		21EDBA572AD04A0900903BA5 /* Products */ = {
			isa = PBXGroup;
			children = (
				21EDBA562AD04A0900903BA5 /* FakeStore.app */,
			);
			name = Products;
			sourceTree = "<group>";
		};
		21EDBA582AD04A0900903BA5 /* FakeStore */ = {
			isa = PBXGroup;
			children = (
				210D67E72AD07E5F00A3889E /* Networking */,
				210D67D02AD0545900A3889E /* App */,
				210D67E22AD0626800A3889E /* Common */,
				210D67D32AD0562300A3889E /* Home */,
				210D67D12AD055C300A3889E /* Product.swift */,
			);
			path = FakeStore;
			sourceTree = "<group>";
		};
		21EDBA5F2AD04A0A00903BA5 /* Preview Content */ = {
			isa = PBXGroup;
			children = (
				21EDBA602AD04A0A00903BA5 /* Preview Assets.xcassets */,
			);
			path = "Preview Content";
			sourceTree = "<group>";
		};
/* End PBXGroup section */

/* Begin PBXNativeTarget section */
		21EDBA552AD04A0900903BA5 /* FakeStore */ = {
			isa = PBXNativeTarget;
			buildConfigurationList = 21EDBA642AD04A0A00903BA5 /* Build configuration list for PBXNativeTarget "FakeStore" */;
			buildPhases = (
				21EDBA522AD04A0900903BA5 /* Sources */,
				21EDBA532AD04A0900903BA5 /* Frameworks */,
				21EDBA542AD04A0900903BA5 /* Resources */,
				21EDBA672AD04A3500903BA5 /* Swiftlint */,
			);
			buildRules = (
			);
			dependencies = (
			);
			name = FakeStore;
			productName = FakeStore;
			productReference = 21EDBA562AD04A0900903BA5 /* FakeStore.app */;
			productType = "com.apple.product-type.application";
		};
/* End PBXNativeTarget section */

/* Begin PBXProject section */
		21EDBA4E2AD04A0900903BA5 /* Project object */ = {
			isa = PBXProject;
			attributes = {
				BuildIndependentTargetsInParallel = 1;
				LastSwiftUpdateCheck = 1500;
				LastUpgradeCheck = 1500;
				TargetAttributes = {
					21EDBA552AD04A0900903BA5 = {
						CreatedOnToolsVersion = 15.0;
					};
				};
			};
			buildConfigurationList = 21EDBA512AD04A0900903BA5 /* Build configuration list for PBXProject "FakeStore" */;
			compatibilityVersion = "Xcode 14.0";
			developmentRegion = en;
			hasScannedForEncodings = 0;
			knownRegions = (
				en,
				Base,
			);
			mainGroup = 21EDBA4D2AD04A0900903BA5;
			productRefGroup = 21EDBA572AD04A0900903BA5 /* Products */;
			projectDirPath = "";
			projectRoot = "";
			targets = (
				21EDBA552AD04A0900903BA5 /* FakeStore */,
			);
		};
/* End PBXProject section */

/* Begin PBXResourcesBuildPhase section */
		21EDBA542AD04A0900903BA5 /* Resources */ = {
			isa = PBXResourcesBuildPhase;
			buildActionMask = 2147483647;
			files = (
				21EDBA612AD04A0A00903BA5 /* Preview Assets.xcassets in Resources */,
				21EDBA5E2AD04A0A00903BA5 /* Assets.xcassets in Resources */,
			);
			runOnlyForDeploymentPostprocessing = 0;
		};
/* End PBXResourcesBuildPhase section */

/* Begin PBXShellScriptBuildPhase section */
		21EDBA672AD04A3500903BA5 /* Swiftlint */ = {
			isa = PBXShellScriptBuildPhase;
			alwaysOutOfDate = 1;
			buildActionMask = 2147483647;
			files = (
			);
			inputFileListPaths = (
			);
			inputPaths = (
			);
			name = Swiftlint;
			outputFileListPaths = (
			);
			outputPaths = (
			);
			runOnlyForDeploymentPostprocessing = 0;
			shellPath = /bin/sh;
			shellScript = "if [[ \"$(uname -m)\" == arm64 ]]; then\n    export PATH=\"/opt/homebrew/bin:$PATH\"\nfi\n\nif which swiftlint > /dev/null; then\n  swiftlint\nelse\n  echo \"warning: SwiftLint not installed, download from https://github.com/realm/SwiftLint\"\nfi\n";
		};
/* End PBXShellScriptBuildPhase section */

/* Begin PBXSourcesBuildPhase section */
		21EDBA522AD04A0900903BA5 /* Sources */ = {
			isa = PBXSourcesBuildPhase;
			buildActionMask = 2147483647;
			files = (
				210D67DD2AD0571C00A3889E /* HomeModels.swift in Sources */,
				21EDBA5C2AD04A0900903BA5 /* ContentView.swift in Sources */,
				210D67EE2AD0815100A3889E /* ProductsEndpoint.swift in Sources */,
				210D67E12AD05A5400A3889E /* HomeProductCell.swift in Sources */,
				210D67F02AD0817700A3889E /* CartsEndpoint.swift in Sources */,
				210D67D52AD0563700A3889E /* HomeView.swift in Sources */,
				210D67E62AD07E0800A3889E /* NetworkManager.swift in Sources */,
				210D67DB2AD0568200A3889E /* HomeDataStore.swift in Sources */,
				21EDBA5A2AD04A0900903BA5 /* FakeStoreApp.swift in Sources */,
				210D67D92AD0567500A3889E /* HomePresenter.swift in Sources */,
				210D67E92AD07E7700A3889E /* EndpointType.swift in Sources */,
				210D67D72AD0566A00A3889E /* HomeInteractor.swift in Sources */,
				210D67F42AD0819D00A3889E /* LoginEndpoint.swift in Sources */,
				210D67EB2AD07F0900A3889E /* HTTPMethod.swift in Sources */,
				210D67D22AD055C400A3889E /* Product.swift in Sources */,
				210D67E42AD0627E00A3889E /* CustomText.swift in Sources */,
			);
			runOnlyForDeploymentPostprocessing = 0;
		};
/* End PBXSourcesBuildPhase section */

/* Begin XCBuildConfiguration section */
		21EDBA622AD04A0A00903BA5 /* Debug */ = {
			isa = XCBuildConfiguration;
			buildSettings = {
				ALWAYS_SEARCH_USER_PATHS = NO;
				ASSETCATALOG_COMPILER_GENERATE_SWIFT_ASSET_SYMBOL_EXTENSIONS = YES;
				CLANG_ANALYZER_NONNULL = YES;
				CLANG_ANALYZER_NUMBER_OBJECT_CONVERSION = YES_AGGRESSIVE;
				CLANG_CXX_LANGUAGE_STANDARD = "gnu++20";
				CLANG_ENABLE_MODULES = YES;
				CLANG_ENABLE_OBJC_ARC = YES;
				CLANG_ENABLE_OBJC_WEAK = YES;
				CLANG_WARN_BLOCK_CAPTURE_AUTORELEASING = YES;
				CLANG_WARN_BOOL_CONVERSION = YES;
				CLANG_WARN_COMMA = YES;
				CLANG_WARN_CONSTANT_CONVERSION = YES;
				CLANG_WARN_DEPRECATED_OBJC_IMPLEMENTATIONS = YES;
				CLANG_WARN_DIRECT_OBJC_ISA_USAGE = YES_ERROR;
				CLANG_WARN_DOCUMENTATION_COMMENTS = YES;
				CLANG_WARN_EMPTY_BODY = YES;
				CLANG_WARN_ENUM_CONVERSION = YES;
				CLANG_WARN_INFINITE_RECURSION = YES;
				CLANG_WARN_INT_CONVERSION = YES;
				CLANG_WARN_NON_LITERAL_NULL_CONVERSION = YES;
				CLANG_WARN_OBJC_IMPLICIT_RETAIN_SELF = YES;
				CLANG_WARN_OBJC_LITERAL_CONVERSION = YES;
				CLANG_WARN_OBJC_ROOT_CLASS = YES_ERROR;
				CLANG_WARN_QUOTED_INCLUDE_IN_FRAMEWORK_HEADER = YES;
				CLANG_WARN_RANGE_LOOP_ANALYSIS = YES;
				CLANG_WARN_STRICT_PROTOTYPES = YES;
				CLANG_WARN_SUSPICIOUS_MOVE = YES;
				CLANG_WARN_UNGUARDED_AVAILABILITY = YES_AGGRESSIVE;
				CLANG_WARN_UNREACHABLE_CODE = YES;
				CLANG_WARN__DUPLICATE_METHOD_MATCH = YES;
				COPY_PHASE_STRIP = NO;
				DEBUG_INFORMATION_FORMAT = dwarf;
				ENABLE_STRICT_OBJC_MSGSEND = YES;
				ENABLE_TESTABILITY = YES;
				ENABLE_USER_SCRIPT_SANDBOXING = YES;
				GCC_C_LANGUAGE_STANDARD = gnu17;
				GCC_DYNAMIC_NO_PIC = NO;
				GCC_NO_COMMON_BLOCKS = YES;
				GCC_OPTIMIZATION_LEVEL = 0;
				GCC_PREPROCESSOR_DEFINITIONS = (
					"DEBUG=1",
					"$(inherited)",
				);
				GCC_WARN_64_TO_32_BIT_CONVERSION = YES;
				GCC_WARN_ABOUT_RETURN_TYPE = YES_ERROR;
				GCC_WARN_UNDECLARED_SELECTOR = YES;
				GCC_WARN_UNINITIALIZED_AUTOS = YES_AGGRESSIVE;
				GCC_WARN_UNUSED_FUNCTION = YES;
				GCC_WARN_UNUSED_VARIABLE = YES;
				IPHONEOS_DEPLOYMENT_TARGET = 17.0;
				LOCALIZATION_PREFERS_STRING_CATALOGS = YES;
				MTL_ENABLE_DEBUG_INFO = INCLUDE_SOURCE;
				MTL_FAST_MATH = YES;
				ONLY_ACTIVE_ARCH = YES;
				SDKROOT = iphoneos;
				SWIFT_ACTIVE_COMPILATION_CONDITIONS = "DEBUG $(inherited)";
				SWIFT_OPTIMIZATION_LEVEL = "-Onone";
			};
			name = Debug;
		};
		21EDBA632AD04A0A00903BA5 /* Release */ = {
			isa = XCBuildConfiguration;
			buildSettings = {
				ALWAYS_SEARCH_USER_PATHS = NO;
				ASSETCATALOG_COMPILER_GENERATE_SWIFT_ASSET_SYMBOL_EXTENSIONS = YES;
				CLANG_ANALYZER_NONNULL = YES;
				CLANG_ANALYZER_NUMBER_OBJECT_CONVERSION = YES_AGGRESSIVE;
				CLANG_CXX_LANGUAGE_STANDARD = "gnu++20";
				CLANG_ENABLE_MODULES = YES;
				CLANG_ENABLE_OBJC_ARC = YES;
				CLANG_ENABLE_OBJC_WEAK = YES;
				CLANG_WARN_BLOCK_CAPTURE_AUTORELEASING = YES;
				CLANG_WARN_BOOL_CONVERSION = YES;
				CLANG_WARN_COMMA = YES;
				CLANG_WARN_CONSTANT_CONVERSION = YES;
				CLANG_WARN_DEPRECATED_OBJC_IMPLEMENTATIONS = YES;
				CLANG_WARN_DIRECT_OBJC_ISA_USAGE = YES_ERROR;
				CLANG_WARN_DOCUMENTATION_COMMENTS = YES;
				CLANG_WARN_EMPTY_BODY = YES;
				CLANG_WARN_ENUM_CONVERSION = YES;
				CLANG_WARN_INFINITE_RECURSION = YES;
				CLANG_WARN_INT_CONVERSION = YES;
				CLANG_WARN_NON_LITERAL_NULL_CONVERSION = YES;
				CLANG_WARN_OBJC_IMPLICIT_RETAIN_SELF = YES;
				CLANG_WARN_OBJC_LITERAL_CONVERSION = YES;
				CLANG_WARN_OBJC_ROOT_CLASS = YES_ERROR;
				CLANG_WARN_QUOTED_INCLUDE_IN_FRAMEWORK_HEADER = YES;
				CLANG_WARN_RANGE_LOOP_ANALYSIS = YES;
				CLANG_WARN_STRICT_PROTOTYPES = YES;
				CLANG_WARN_SUSPICIOUS_MOVE = YES;
				CLANG_WARN_UNGUARDED_AVAILABILITY = YES_AGGRESSIVE;
				CLANG_WARN_UNREACHABLE_CODE = YES;
				CLANG_WARN__DUPLICATE_METHOD_MATCH = YES;
				COPY_PHASE_STRIP = NO;
				DEBUG_INFORMATION_FORMAT = "dwarf-with-dsym";
				ENABLE_NS_ASSERTIONS = NO;
				ENABLE_STRICT_OBJC_MSGSEND = YES;
				ENABLE_USER_SCRIPT_SANDBOXING = YES;
				GCC_C_LANGUAGE_STANDARD = gnu17;
				GCC_NO_COMMON_BLOCKS = YES;
				GCC_WARN_64_TO_32_BIT_CONVERSION = YES;
				GCC_WARN_ABOUT_RETURN_TYPE = YES_ERROR;
				GCC_WARN_UNDECLARED_SELECTOR = YES;
				GCC_WARN_UNINITIALIZED_AUTOS = YES_AGGRESSIVE;
				GCC_WARN_UNUSED_FUNCTION = YES;
				GCC_WARN_UNUSED_VARIABLE = YES;
				IPHONEOS_DEPLOYMENT_TARGET = 17.0;
				LOCALIZATION_PREFERS_STRING_CATALOGS = YES;
				MTL_ENABLE_DEBUG_INFO = NO;
				MTL_FAST_MATH = YES;
				SDKROOT = iphoneos;
				SWIFT_COMPILATION_MODE = wholemodule;
				VALIDATE_PRODUCT = YES;
			};
			name = Release;
		};
		21EDBA652AD04A0A00903BA5 /* Debug */ = {
			isa = XCBuildConfiguration;
			buildSettings = {
				ASSETCATALOG_COMPILER_APPICON_NAME = AppIcon;
				ASSETCATALOG_COMPILER_GLOBAL_ACCENT_COLOR_NAME = AccentColor;
				CODE_SIGN_STYLE = Automatic;
				CURRENT_PROJECT_VERSION = 1;
				DEVELOPMENT_ASSET_PATHS = "\"FakeStore/App/Preview Content\"";
				ENABLE_PREVIEWS = YES;
				ENABLE_USER_SCRIPT_SANDBOXING = NO;
				GENERATE_INFOPLIST_FILE = YES;
				INFOPLIST_KEY_UIApplicationSceneManifest_Generation = YES;
				INFOPLIST_KEY_UIApplicationSupportsIndirectInputEvents = YES;
				INFOPLIST_KEY_UILaunchScreen_Generation = YES;
				INFOPLIST_KEY_UISupportedInterfaceOrientations = UIInterfaceOrientationPortrait;
				INFOPLIST_KEY_UISupportedInterfaceOrientations_iPad = "UIInterfaceOrientationPortrait UIInterfaceOrientationPortraitUpsideDown";
				LD_RUNPATH_SEARCH_PATHS = (
					"$(inherited)",
					"@executable_path/Frameworks",
				);
				MARKETING_VERSION = 1.0;
				PRODUCT_BUNDLE_IDENTIFIER = com.vlad.FakeStore;
				PRODUCT_NAME = "$(TARGET_NAME)";
				SWIFT_EMIT_LOC_STRINGS = YES;
				SWIFT_VERSION = 5.0;
				TARGETED_DEVICE_FAMILY = "1,2";
			};
			name = Debug;
		};
		21EDBA662AD04A0A00903BA5 /* Release */ = {
			isa = XCBuildConfiguration;
			buildSettings = {
				ASSETCATALOG_COMPILER_APPICON_NAME = AppIcon;
				ASSETCATALOG_COMPILER_GLOBAL_ACCENT_COLOR_NAME = AccentColor;
				CODE_SIGN_STYLE = Automatic;
				CURRENT_PROJECT_VERSION = 1;
				DEVELOPMENT_ASSET_PATHS = "\"FakeStore/App/Preview Content\"";
				ENABLE_PREVIEWS = YES;
				ENABLE_USER_SCRIPT_SANDBOXING = NO;
				GENERATE_INFOPLIST_FILE = YES;
				INFOPLIST_KEY_UIApplicationSceneManifest_Generation = YES;
				INFOPLIST_KEY_UIApplicationSupportsIndirectInputEvents = YES;
				INFOPLIST_KEY_UILaunchScreen_Generation = YES;
				INFOPLIST_KEY_UISupportedInterfaceOrientations = UIInterfaceOrientationPortrait;
				INFOPLIST_KEY_UISupportedInterfaceOrientations_iPad = "UIInterfaceOrientationPortrait UIInterfaceOrientationPortraitUpsideDown";
				LD_RUNPATH_SEARCH_PATHS = (
					"$(inherited)",
					"@executable_path/Frameworks",
				);
				MARKETING_VERSION = 1.0;
				PRODUCT_BUNDLE_IDENTIFIER = com.vlad.FakeStore;
				PRODUCT_NAME = "$(TARGET_NAME)";
				SWIFT_EMIT_LOC_STRINGS = YES;
				SWIFT_VERSION = 5.0;
				TARGETED_DEVICE_FAMILY = "1,2";
			};
			name = Release;
		};
/* End XCBuildConfiguration section */

/* Begin XCConfigurationList section */
		21EDBA512AD04A0900903BA5 /* Build configuration list for PBXProject "FakeStore" */ = {
			isa = XCConfigurationList;
			buildConfigurations = (
				21EDBA622AD04A0A00903BA5 /* Debug */,
				21EDBA632AD04A0A00903BA5 /* Release */,
			);
			defaultConfigurationIsVisible = 0;
			defaultConfigurationName = Release;
		};
		21EDBA642AD04A0A00903BA5 /* Build configuration list for PBXNativeTarget "FakeStore" */ = {
			isa = XCConfigurationList;
			buildConfigurations = (
				21EDBA652AD04A0A00903BA5 /* Debug */,
				21EDBA662AD04A0A00903BA5 /* Release */,
			);
			defaultConfigurationIsVisible = 0;
			defaultConfigurationName = Release;
		};
/* End XCConfigurationList section */
	};
	rootObject = 21EDBA4E2AD04A0900903BA5 /* Project object */;
}
